// !$*UTF8*$!
{
	archiveVersion = 1;
	classes = {
	};
	objectVersion = 50;
	objects = {

/* Begin PBXBuildFile section */
		A959DB19230AFD4E006F6B76 /* TableViewCell.swift in Sources */ = {isa = PBXBuildFile; fileRef = A959DB17230AFD4E006F6B76 /* TableViewCell.swift */; };
		A959DB1A230AFD4E006F6B76 /* TableViewCell.xib in Resources */ = {isa = PBXBuildFile; fileRef = A959DB18230AFD4E006F6B76 /* TableViewCell.xib */; };
		A95CDE8E230949A800A7F634 /* AppDelegate.swift in Sources */ = {isa = PBXBuildFile; fileRef = A95CDE8D230949A800A7F634 /* AppDelegate.swift */; };
		A95CDE90230949A800A7F634 /* ViewController.swift in Sources */ = {isa = PBXBuildFile; fileRef = A95CDE8F230949A800A7F634 /* ViewController.swift */; };
		A95CDE93230949A800A7F634 /* Main.storyboard in Resources */ = {isa = PBXBuildFile; fileRef = A95CDE91230949A800A7F634 /* Main.storyboard */; };
		A95CDE95230949AB00A7F634 /* Assets.xcassets in Resources */ = {isa = PBXBuildFile; fileRef = A95CDE94230949AB00A7F634 /* Assets.xcassets */; };
		A95CDE98230949AB00A7F634 /* LaunchScreen.storyboard in Resources */ = {isa = PBXBuildFile; fileRef = A95CDE96230949AB00A7F634 /* LaunchScreen.storyboard */; };
		A95CDEA123094B8400A7F634 /* CollectionViewCell.swift in Sources */ = {isa = PBXBuildFile; fileRef = A95CDE9F23094B8400A7F634 /* CollectionViewCell.swift */; };
		A95CDEA223094B8400A7F634 /* CollectionViewCell.xib in Resources */ = {isa = PBXBuildFile; fileRef = A95CDEA023094B8400A7F634 /* CollectionViewCell.xib */; };
/* End PBXBuildFile section */

/* Begin PBXFileReference section */
		A959DB17230AFD4E006F6B76 /* TableViewCell.swift */ = {isa = PBXFileReference; lastKnownFileType = sourcecode.swift; path = TableViewCell.swift; sourceTree = "<group>"; };
		A959DB18230AFD4E006F6B76 /* TableViewCell.xib */ = {isa = PBXFileReference; lastKnownFileType = file.xib; path = TableViewCell.xib; sourceTree = "<group>"; };
		A95CDE8A230949A800A7F634 /* BasicLayoutTesting.app */ = {isa = PBXFileReference; explicitFileType = wrapper.application; includeInIndex = 0; path = BasicLayoutTesting.app; sourceTree = BUILT_PRODUCTS_DIR; };
		A95CDE8D230949A800A7F634 /* AppDelegate.swift */ = {isa = PBXFileReference; lastKnownFileType = sourcecode.swift; path = AppDelegate.swift; sourceTree = "<group>"; };
		A95CDE8F230949A800A7F634 /* ViewController.swift */ = {isa = PBXFileReference; lastKnownFileType = sourcecode.swift; path = ViewController.swift; sourceTree = "<group>"; };
		A95CDE92230949A800A7F634 /* Base */ = {isa = PBXFileReference; lastKnownFileType = file.storyboard; name = Base; path = Base.lproj/Main.storyboard; sourceTree = "<group>"; };
		A95CDE94230949AB00A7F634 /* Assets.xcassets */ = {isa = PBXFileReference; lastKnownFileType = folder.assetcatalog; path = Assets.xcassets; sourceTree = "<group>"; };
		A95CDE97230949AB00A7F634 /* Base */ = {isa = PBXFileReference; lastKnownFileType = file.storyboard; name = Base; path = Base.lproj/LaunchScreen.storyboard; sourceTree = "<group>"; };
		A95CDE99230949AB00A7F634 /* Info.plist */ = {isa = PBXFileReference; lastKnownFileType = text.plist.xml; path = Info.plist; sourceTree = "<group>"; };
		A95CDE9F23094B8400A7F634 /* CollectionViewCell.swift */ = {isa = PBXFileReference; lastKnownFileType = sourcecode.swift; path = CollectionViewCell.swift; sourceTree = "<group>"; };
		A95CDEA023094B8400A7F634 /* CollectionViewCell.xib */ = {isa = PBXFileReference; lastKnownFileType = file.xib; path = CollectionViewCell.xib; sourceTree = "<group>"; };
/* End PBXFileReference section */

/* Begin PBXFrameworksBuildPhase section */
		A95CDE87230949A800A7F634 /* Frameworks */ = {
			isa = PBXFrameworksBuildPhase;
			buildActionMask = 2147483647;
			files = (
			);
			runOnlyForDeploymentPostprocessing = 0;
		};
/* End PBXFrameworksBuildPhase section */

/* Begin PBXGroup section */
		A959DB14230AFA5B006F6B76 /* CustomCollectionViewCell */ = {
			isa = PBXGroup;
			children = (
				A95CDE9F23094B8400A7F634 /* CollectionViewCell.swift */,
				A95CDEA023094B8400A7F634 /* CollectionViewCell.xib */,
			);
			path = CustomCollectionViewCell;
			sourceTree = "<group>";
		};
		A959DB15230AFABA006F6B76 /* Supporting Files */ = {
			isa = PBXGroup;
			children = (
				A95CDE94230949AB00A7F634 /* Assets.xcassets */,
			);
			path = "Supporting Files";
			sourceTree = "<group>";
		};
		A959DB16230AFD13006F6B76 /* CustomTableViewCell */ = {
			isa = PBXGroup;
			children = (
				A959DB17230AFD4E006F6B76 /* TableViewCell.swift */,
				A959DB18230AFD4E006F6B76 /* TableViewCell.xib */,
			);
			path = CustomTableViewCell;
			sourceTree = "<group>";
		};
		A95CDE81230949A800A7F634 = {
			isa = PBXGroup;
			children = (
				A95CDE8C230949A800A7F634 /* BasicLayoutTesting */,
				A95CDE8B230949A800A7F634 /* Products */,
			);
			sourceTree = "<group>";
		};
		A95CDE8B230949A800A7F634 /* Products */ = {
			isa = PBXGroup;
			children = (
				A95CDE8A230949A800A7F634 /* BasicLayoutTesting.app */,
			);
			name = Products;
			sourceTree = "<group>";
		};
		A95CDE8C230949A800A7F634 /* BasicLayoutTesting */ = {
			isa = PBXGroup;
			children = (
				A95CDE8D230949A800A7F634 /* AppDelegate.swift */,
				A95CDEA323094FFC00A7F634 /* Controllers */,
				A95CDEA52309500200A7F634 /* View */,
				A95CDEA423094FFF00A7F634 /* Model */,
				A959DB15230AFABA006F6B76 /* Supporting Files */,
				A95CDE99230949AB00A7F634 /* Info.plist */,
			);
			path = BasicLayoutTesting;
			sourceTree = "<group>";
		};
		A95CDEA323094FFC00A7F634 /* Controllers */ = {
			isa = PBXGroup;
			children = (
				A95CDE8F230949A800A7F634 /* ViewController.swift */,
			);
			path = Controllers;
			sourceTree = "<group>";
		};
		A95CDEA423094FFF00A7F634 /* Model */ = {
			isa = PBXGroup;
			children = (
			);
			path = Model;
			sourceTree = "<group>";
		};
		A95CDEA52309500200A7F634 /* View */ = {
			isa = PBXGroup;
			children = (
				A95CDE91230949A800A7F634 /* Main.storyboard */,
				A95CDE96230949AB00A7F634 /* LaunchScreen.storyboard */,
				A959DB16230AFD13006F6B76 /* CustomTableViewCell */,
				A959DB14230AFA5B006F6B76 /* CustomCollectionViewCell */,
			);
			path = View;
			sourceTree = "<group>";
		};
/* End PBXGroup section */

/* Begin PBXNativeTarget section */
		A95CDE89230949A800A7F634 /* BasicLayoutTesting */ = {
			isa = PBXNativeTarget;
			buildConfigurationList = A95CDE9C230949AB00A7F634 /* Build configuration list for PBXNativeTarget "BasicLayoutTesting" */;
			buildPhases = (
				A95CDE86230949A800A7F634 /* Sources */,
				A95CDE87230949A800A7F634 /* Frameworks */,
				A95CDE88230949A800A7F634 /* Resources */,
			);
			buildRules = (
			);
			dependencies = (
			);
			name = BasicLayoutTesting;
			productName = BasicLayoutTesting;
			productReference = A95CDE8A230949A800A7F634 /* BasicLayoutTesting.app */;
			productType = "com.apple.product-type.application";
		};
/* End PBXNativeTarget section */

/* Begin PBXProject section */
		A95CDE82230949A800A7F634 /* Project object */ = {
			isa = PBXProject;
			attributes = {
				LastSwiftUpdateCheck = 1030;
				LastUpgradeCheck = 1030;
				ORGANIZATIONNAME = "Marcus Fuchs";
				TargetAttributes = {
					A95CDE89230949A800A7F634 = {
						CreatedOnToolsVersion = 10.3;
					};
				};
			};
			buildConfigurationList = A95CDE85230949A800A7F634 /* Build configuration list for PBXProject "BasicLayoutTesting" */;
			compatibilityVersion = "Xcode 9.3";
			developmentRegion = en;
			hasScannedForEncodings = 0;
			knownRegions = (
				en,
				Base,
			);
			mainGroup = A95CDE81230949A800A7F634;
			productRefGroup = A95CDE8B230949A800A7F634 /* Products */;
			projectDirPath = "";
			projectRoot = "";
			targets = (
				A95CDE89230949A800A7F634 /* BasicLayoutTesting */,
			);
		};
/* End PBXProject section */

/* Begin PBXResourcesBuildPhase section */
		A95CDE88230949A800A7F634 /* Resources */ = {
			isa = PBXResourcesBuildPhase;
			buildActionMask = 2147483647;
			files = (
				A95CDE98230949AB00A7F634 /* LaunchScreen.storyboard in Resources */,
				A959DB1A230AFD4E006F6B76 /* TableViewCell.xib in Resources */,
				A95CDE95230949AB00A7F634 /* Assets.xcassets in Resources */,
				A95CDEA223094B8400A7F634 /* CollectionViewCell.xib in Resources */,
				A95CDE93230949A800A7F634 /* Main.storyboard in Resources */,
			);
			runOnlyForDeploymentPostprocessing = 0;
		};
/* End PBXResourcesBuildPhase section */

/* Begin PBXSourcesBuildPhase section */
		A95CDE86230949A800A7F634 /* Sources */ = {
			isa = PBXSourcesBuildPhase;
			buildActionMask = 2147483647;
			files = (
				A95CDE90230949A800A7F634 /* ViewController.swift in Sources */,
				A959DB19230AFD4E006F6B76 /* TableViewCell.swift in Sources */,
				A95CDE8E230949A800A7F634 /* AppDelegate.swift in Sources */,
				A95CDEA123094B8400A7F634 /* CollectionViewCell.swift in Sources */,
			);
			runOnlyForDeploymentPostprocessing = 0;
		};
/* End PBXSourcesBuildPhase section */

/* Begin PBXVariantGroup section */
		A95CDE91230949A800A7F634 /* Main.storyboard */ = {
			isa = PBXVariantGroup;
			children = (
				A95CDE92230949A800A7F634 /* Base */,
			);
			name = Main.storyboard;
			sourceTree = "<group>";
		};
		A95CDE96230949AB00A7F634 /* LaunchScreen.storyboard */ = {
			isa = PBXVariantGroup;
			children = (
				A95CDE97230949AB00A7F634 /* Base */,
			);
			name = LaunchScreen.storyboard;
			sourceTree = "<group>";
		};
/* End PBXVariantGroup section */

/* Begin XCBuildConfiguration section */
		A95CDE9A230949AB00A7F634 /* Debug */ = {
			isa = XCBuildConfiguration;
			buildSettings = {
				ALWAYS_SEARCH_USER_PATHS = NO;
				CLANG_ANALYZER_NONNULL = YES;
				CLANG_ANALYZER_NUMBER_OBJECT_CONVERSION = YES_AGGRESSIVE;
				CLANG_CXX_LANGUAGE_STANDARD = "gnu++14";
				CLANG_CXX_LIBRARY = "libc++";
				CLANG_ENABLE_MODULES = YES;
				CLANG_ENABLE_OBJC_ARC = YES;
				CLANG_ENABLE_OBJC_WEAK = YES;
				CLANG_WARN_BLOCK_CAPTURE_AUTORELEASING = YES;
				CLANG_WARN_BOOL_CONVERSION = YES;
				CLANG_WARN_COMMA = YES;
				CLANG_WARN_CONSTANT_CONVERSION = YES;
				CLANG_WARN_DEPRECATED_OBJC_IMPLEMENTATIONS = YES;
				CLANG_WARN_DIRECT_OBJC_ISA_USAGE = YES_ERROR;
				CLANG_WARN_DOCUMENTATION_COMMENTS = YES;
				CLANG_WARN_EMPTY_BODY = YES;
				CLANG_WARN_ENUM_CONVERSION = YES;
				CLANG_WARN_INFINITE_RECURSION = YES;
				CLANG_WARN_INT_CONVERSION = YES;
				CLANG_WARN_NON_LITERAL_NULL_CONVERSION = YES;
				CLANG_WARN_OBJC_IMPLICIT_RETAIN_SELF = YES;
				CLANG_WARN_OBJC_LITERAL_CONVERSION = YES;
				CLANG_WARN_OBJC_ROOT_CLASS = YES_ERROR;
				CLANG_WARN_RANGE_LOOP_ANALYSIS = YES;
				CLANG_WARN_STRICT_PROTOTYPES = YES;
				CLANG_WARN_SUSPICIOUS_MOVE = YES;
				CLANG_WARN_UNGUARDED_AVAILABILITY = YES_AGGRESSIVE;
				CLANG_WARN_UNREACHABLE_CODE = YES;
				CLANG_WARN__DUPLICATE_METHOD_MATCH = YES;
				CODE_SIGN_IDENTITY = "iPhone Developer";
				COPY_PHASE_STRIP = NO;
				DEBUG_INFORMATION_FORMAT = dwarf;
				ENABLE_STRICT_OBJC_MSGSEND = YES;
				ENABLE_TESTABILITY = YES;
				GCC_C_LANGUAGE_STANDARD = gnu11;
				GCC_DYNAMIC_NO_PIC = NO;
				GCC_NO_COMMON_BLOCKS = YES;
				GCC_OPTIMIZATION_LEVEL = 0;
				GCC_PREPROCESSOR_DEFINITIONS = (
					"DEBUG=1",
					"$(inherited)",
				);
				GCC_WARN_64_TO_32_BIT_CONVERSION = YES;
				GCC_WARN_ABOUT_RETURN_TYPE = YES_ERROR;
				GCC_WARN_UNDECLARED_SELECTOR = YES;
				GCC_WARN_UNINITIALIZED_AUTOS = YES_AGGRESSIVE;
				GCC_WARN_UNUSED_FUNCTION = YES;
				GCC_WARN_UNUSED_VARIABLE = YES;
				IPHONEOS_DEPLOYMENT_TARGET = 12.4;
				MTL_ENABLE_DEBUG_INFO = INCLUDE_SOURCE;
				MTL_FAST_MATH = YES;
				ONLY_ACTIVE_ARCH = YES;
				SDKROOT = iphoneos;
				SWIFT_ACTIVE_COMPILATION_CONDITIONS = DEBUG;
				SWIFT_OPTIMIZATION_LEVEL = "-Onone";
			};
			name = Debug;
		};
		A95CDE9B230949AB00A7F634 /* Release */ = {
			isa = XCBuildConfiguration;
			buildSettings = {
				ALWAYS_SEARCH_USER_PATHS = NO;
				CLANG_ANALYZER_NONNULL = YES;
				CLANG_ANALYZER_NUMBER_OBJECT_CONVERSION = YES_AGGRESSIVE;
				CLANG_CXX_LANGUAGE_STANDARD = "gnu++14";
				CLANG_CXX_LIBRARY = "libc++";
				CLANG_ENABLE_MODULES = YES;
				CLANG_ENABLE_OBJC_ARC = YES;
				CLANG_ENABLE_OBJC_WEAK = YES;
				CLANG_WARN_BLOCK_CAPTURE_AUTORELEASING = YES;
				CLANG_WARN_BOOL_CONVERSION = YES;
				CLANG_WARN_COMMA = YES;
				CLANG_WARN_CONSTANT_CONVERSION = YES;
				CLANG_WARN_DEPRECATED_OBJC_IMPLEMENTATIONS = YES;
				CLANG_WARN_DIRECT_OBJC_ISA_USAGE = YES_ERROR;
				CLANG_WARN_DOCUMENTATION_COMMENTS = YES;
				CLANG_WARN_EMPTY_BODY = YES;
				CLANG_WARN_ENUM_CONVERSION = YES;
				CLANG_WARN_INFINITE_RECURSION = YES;
				CLANG_WARN_INT_CONVERSION = YES;
				CLANG_WARN_NON_LITERAL_NULL_CONVERSION = YES;
				CLANG_WARN_OBJC_IMPLICIT_RETAIN_SELF = YES;
				CLANG_WARN_OBJC_LITERAL_CONVERSION = YES;
				CLANG_WARN_OBJC_ROOT_CLASS = YES_ERROR;
				CLANG_WARN_RANGE_LOOP_ANALYSIS = YES;
				CLANG_WARN_STRICT_PROTOTYPES = YES;
				CLANG_WARN_SUSPICIOUS_MOVE = YES;
				CLANG_WARN_UNGUARDED_AVAILABILITY = YES_AGGRESSIVE;
				CLANG_WARN_UNREACHABLE_CODE = YES;
				CLANG_WARN__DUPLICATE_METHOD_MATCH = YES;
				CODE_SIGN_IDENTITY = "iPhone Developer";
				COPY_PHASE_STRIP = NO;
				DEBUG_INFORMATION_FORMAT = "dwarf-with-dsym";
				ENABLE_NS_ASSERTIONS = NO;
				ENABLE_STRICT_OBJC_MSGSEND = YES;
				GCC_C_LANGUAGE_STANDARD = gnu11;
				GCC_NO_COMMON_BLOCKS = YES;
				GCC_WARN_64_TO_32_BIT_CONVERSION = YES;
				GCC_WARN_ABOUT_RETURN_TYPE = YES_ERROR;
				GCC_WARN_UNDECLARED_SELECTOR = YES;
				GCC_WARN_UNINITIALIZED_AUTOS = YES_AGGRESSIVE;
				GCC_WARN_UNUSED_FUNCTION = YES;
				GCC_WARN_UNUSED_VARIABLE = YES;
				IPHONEOS_DEPLOYMENT_TARGET = 12.4;
				MTL_ENABLE_DEBUG_INFO = NO;
				MTL_FAST_MATH = YES;
				SDKROOT = iphoneos;
				SWIFT_COMPILATION_MODE = wholemodule;
				SWIFT_OPTIMIZATION_LEVEL = "-O";
				VALIDATE_PRODUCT = YES;
			};
			name = Release;
		};
		A95CDE9D230949AB00A7F634 /* Debug */ = {
			isa = XCBuildConfiguration;
			buildSettings = {
				ASSETCATALOG_COMPILER_APPICON_NAME = AppIcon;
				CODE_SIGN_STYLE = Automatic;
				DEVELOPMENT_TEAM = KMJ87M9343;
				INFOPLIST_FILE = BasicLayoutTesting/Info.plist;
				LD_RUNPATH_SEARCH_PATHS = (
					"$(inherited)",
					"@executable_path/Frameworks",
				);
				PRODUCT_BUNDLE_IDENTIFIER = mfu.BasicLayoutTesting;
				PRODUCT_NAME = "$(TARGET_NAME)";
				SWIFT_VERSION = 5.0;
				TARGETED_DEVICE_FAMILY = "1,2";
			};
			name = Debug;
		};
		A95CDE9E230949AB00A7F634 /* Release */ = {
			isa = XCBuildConfiguration;
			buildSettings = {
				ASSETCATALOG_COMPILER_APPICON_NAME = AppIcon;
				CODE_SIGN_STYLE = Automatic;
				DEVELOPMENT_TEAM = KMJ87M9343;
				INFOPLIST_FILE = BasicLayoutTesting/Info.plist;
				LD_RUNPATH_SEARCH_PATHS = (
					"$(inherited)",
					"@executable_path/Frameworks",
				);
				PRODUCT_BUNDLE_IDENTIFIER = mfu.BasicLayoutTesting;
				PRODUCT_NAME = "$(TARGET_NAME)";
				SWIFT_VERSION = 5.0;
				TARGETED_DEVICE_FAMILY = "1,2";
			};
			name = Release;
		};
/* End XCBuildConfiguration section */

/* Begin XCConfigurationList section */
		A95CDE85230949A800A7F634 /* Build configuration list for PBXProject "BasicLayoutTesting" */ = {
			isa = XCConfigurationList;
			buildConfigurations = (
				A95CDE9A230949AB00A7F634 /* Debug */,
				A95CDE9B230949AB00A7F634 /* Release */,
			);
			defaultConfigurationIsVisible = 0;
			defaultConfigurationName = Release;
		};
		A95CDE9C230949AB00A7F634 /* Build configuration list for PBXNativeTarget "BasicLayoutTesting" */ = {
			isa = XCConfigurationList;
			buildConfigurations = (
				A95CDE9D230949AB00A7F634 /* Debug */,
				A95CDE9E230949AB00A7F634 /* Release */,
			);
			defaultConfigurationIsVisible = 0;
			defaultConfigurationName = Release;
		};
/* End XCConfigurationList section */
	};
	rootObject = A95CDE82230949A800A7F634 /* Project object */;
}
